
Microsoft Visual Studio Solution File, Format Version 12.00
# Visual Studio Version 16
VisualStudioVersion = 25.0.1706.2
MinimumVisualStudioVersion = 10.0.40219.1
Project("{FAE04EC0-301F-11D3-BF4B-00C04F79EFBC}") = "BookQuotesAPI", "BookQuotesAPI.csproj", "{6D4A4580-83A2-417C-9218-0D0D48E0C673}"
EndProject
Global
	GlobalSection(SolutionConfigurationPlatforms) = preSolution
		Debug|Any CPU = Debug|Any CPU
		Release|Any CPU = Release|Any CPU
	EndGlobalSection
	GlobalSection(ProjectConfigurationPlatforms) = postSolution
		{6D4A4580-83A2-417C-9218-0D0D48E0C673}.Debug|Any CPU.ActiveCfg = Debug|Any CPU
		{6D4A4580-83A2-417C-9218-0D0D48E0C673}.Debug|Any CPU.Build.0 = Debug|Any CPU
		{6D4A4580-83A2-417C-9218-0D0D48E0C673}.Release|Any CPU.ActiveCfg = Release|Any CPU
		{6D4A4580-83A2-417C-9218-0D0D48E0C673}.Release|Any CPU.Build.0 = Release|Any CPU
	EndGlobalSection
	GlobalSection(SolutionProperties) = preSolution
		HideSolutionNode = FALSE
	EndGlobalSection
	GlobalSection(ExtensibilityGlobals) = postSolution
		SolutionGuid = {86367C34-B40A-4C97-9F30-0E61CAA14FD1}
	EndGlobalSection
EndGlobal
